
Microsoft Visual Studio Solution File, Format Version 12.00
# Visual Studio Version 17
VisualStudioVersion = 17.3.32819.101
MinimumVisualStudioVersion = 10.0.40219.1
Project("{9A19103F-16F7-4668-BE54-9A1E7A4F7556}") = "CompanyEmployees", "CompanyEmployees\CompanyEmployees.csproj", "{96BF17F0-5094-42D1-848B-86DFB90894BF}"
EndProject
Project("{9A19103F-16F7-4668-BE54-9A1E7A4F7556}") = "Entities", "Entities\Entities.csproj", "{BB99F082-190E-4832-8E47-83ED3F358FC6}"
EndProject
Project("{9A19103F-16F7-4668-BE54-9A1E7A4F7556}") = "Repository", "Repository\Repository.csproj", "{A0718989-18A6-4B6B-8DC6-E025F7B29D9A}"
EndProject
Project("{9A19103F-16F7-4668-BE54-9A1E7A4F7556}") = "Contracts", "Contracts\Contracts.csproj", "{5C77A8A8-611D-4416-B49D-CFB450E6A63E}"
EndProject
Project("{9A19103F-16F7-4668-BE54-9A1E7A4F7556}") = "Service.Contracts", "Service.Contracts\Service.Contracts.csproj", "{C5FD5A13-E83C-4DB5-B09E-61895A5B8119}"
EndProject
Project("{9A19103F-16F7-4668-BE54-9A1E7A4F7556}") = "Service", "Service\Service.csproj", "{8042DAD4-BDCF-4E71-901E-F3DEC12478CC}"
EndProject
Project("{FAE04EC0-301F-11D3-BF4B-00C04F79EFBC}") = "CompanyEmployees.Presentation", "CompanyEmployees.Presentation\CompanyEmployees.Presentation.csproj", "{28B7AC11-20B0-45FE-B9C7-46C18316BF96}"
EndProject
Global
	GlobalSection(SolutionConfigurationPlatforms) = preSolution
		Debug|Any CPU = Debug|Any CPU
		Release|Any CPU = Release|Any CPU
	EndGlobalSection
	GlobalSection(ProjectConfigurationPlatforms) = postSolution
		{96BF17F0-5094-42D1-848B-86DFB90894BF}.Debug|Any CPU.ActiveCfg = Debug|Any CPU
		{96BF17F0-5094-42D1-848B-86DFB90894BF}.Debug|Any CPU.Build.0 = Debug|Any CPU
		{96BF17F0-5094-42D1-848B-86DFB90894BF}.Release|Any CPU.ActiveCfg = Release|Any CPU
		{96BF17F0-5094-42D1-848B-86DFB90894BF}.Release|Any CPU.Build.0 = Release|Any CPU
		{BB99F082-190E-4832-8E47-83ED3F358FC6}.Debug|Any CPU.ActiveCfg = Debug|Any CPU
		{BB99F082-190E-4832-8E47-83ED3F358FC6}.Debug|Any CPU.Build.0 = Debug|Any CPU
		{BB99F082-190E-4832-8E47-83ED3F358FC6}.Release|Any CPU.ActiveCfg = Release|Any CPU
		{BB99F082-190E-4832-8E47-83ED3F358FC6}.Release|Any CPU.Build.0 = Release|Any CPU
		{A0718989-18A6-4B6B-8DC6-E025F7B29D9A}.Debug|Any CPU.ActiveCfg = Debug|Any CPU
		{A0718989-18A6-4B6B-8DC6-E025F7B29D9A}.Debug|Any CPU.Build.0 = Debug|Any CPU
		{A0718989-18A6-4B6B-8DC6-E025F7B29D9A}.Release|Any CPU.ActiveCfg = Release|Any CPU
		{A0718989-18A6-4B6B-8DC6-E025F7B29D9A}.Release|Any CPU.Build.0 = Release|Any CPU
		{5C77A8A8-611D-4416-B49D-CFB450E6A63E}.Debug|Any CPU.ActiveCfg = Debug|Any CPU
		{5C77A8A8-611D-4416-B49D-CFB450E6A63E}.Debug|Any CPU.Build.0 = Debug|Any CPU
		{5C77A8A8-611D-4416-B49D-CFB450E6A63E}.Release|Any CPU.ActiveCfg = Release|Any CPU
		{5C77A8A8-611D-4416-B49D-CFB450E6A63E}.Release|Any CPU.Build.0 = Release|Any CPU
		{C5FD5A13-E83C-4DB5-B09E-61895A5B8119}.Debug|Any CPU.ActiveCfg = Debug|Any CPU
		{C5FD5A13-E83C-4DB5-B09E-61895A5B8119}.Debug|Any CPU.Build.0 = Debug|Any CPU
		{C5FD5A13-E83C-4DB5-B09E-61895A5B8119}.Release|Any CPU.ActiveCfg = Release|Any CPU
		{C5FD5A13-E83C-4DB5-B09E-61895A5B8119}.Release|Any CPU.Build.0 = Release|Any CPU
		{8042DAD4-BDCF-4E71-901E-F3DEC12478CC}.Debug|Any CPU.ActiveCfg = Debug|Any CPU
		{8042DAD4-BDCF-4E71-901E-F3DEC12478CC}.Debug|Any CPU.Build.0 = Debug|Any CPU
		{8042DAD4-BDCF-4E71-901E-F3DEC12478CC}.Release|Any CPU.ActiveCfg = Release|Any CPU
		{8042DAD4-BDCF-4E71-901E-F3DEC12478CC}.Release|Any CPU.Build.0 = Release|Any CPU
		{28B7AC11-20B0-45FE-B9C7-46C18316BF96}.Debug|Any CPU.ActiveCfg = Debug|Any CPU
		{28B7AC11-20B0-45FE-B9C7-46C18316BF96}.Debug|Any CPU.Build.0 = Debug|Any CPU
		{28B7AC11-20B0-45FE-B9C7-46C18316BF96}.Release|Any CPU.ActiveCfg = Release|Any CPU
		{28B7AC11-20B0-45FE-B9C7-46C18316BF96}.Release|Any CPU.Build.0 = Release|Any CPU
	EndGlobalSection
	GlobalSection(SolutionProperties) = preSolution
		HideSolutionNode = FALSE
	EndGlobalSection
	GlobalSection(ExtensibilityGlobals) = postSolution
		SolutionGuid = {547A7767-5E99-432E-BC9C-61420A5183C3}
	EndGlobalSection
EndGlobal
